
Microsoft Visual Studio Solution File, Format Version 12.00
# Visual Studio Version 17
VisualStudioVersion = 17.10.35027.167
MinimumVisualStudioVersion = 10.0.40219.1
Project("{FAE04EC0-301F-11D3-BF4B-00C04F79EFBC}") = "Crow", "Crow\Crow.csproj", "{D2EF089E-C52B-45F7-8833-749983FBB6FC}"
EndProject
Project("{FAE04EC0-301F-11D3-BF4B-00C04F79EFBC}") = "Crow.Tests", "Crow.Tests\Crow.Tests.csproj", "{F810C8A1-4BAC-4D44-AE9C-C95BAA8FA39A}"
EndProject
Global
	GlobalSection(SolutionConfigurationPlatforms) = preSolution
		Debug|Any CPU = Debug|Any CPU
		Release|Any CPU = Release|Any CPU
	EndGlobalSection
	GlobalSection(ProjectConfigurationPlatforms) = postSolution
		{D2EF089E-C52B-45F7-8833-749983FBB6FC}.Debug|Any CPU.ActiveCfg = Debug|Any CPU
		{D2EF089E-C52B-45F7-8833-749983FBB6FC}.Debug|Any CPU.Build.0 = Debug|Any CPU
		{D2EF089E-C52B-45F7-8833-749983FBB6FC}.Release|Any CPU.ActiveCfg = Release|Any CPU
		{D2EF089E-C52B-45F7-8833-749983FBB6FC}.Release|Any CPU.Build.0 = Release|Any CPU
		{F810C8A1-4BAC-4D44-AE9C-C95BAA8FA39A}.Debug|Any CPU.ActiveCfg = Debug|Any CPU
		{F810C8A1-4BAC-4D44-AE9C-C95BAA8FA39A}.Debug|Any CPU.Build.0 = Debug|Any CPU
		{F810C8A1-4BAC-4D44-AE9C-C95BAA8FA39A}.Release|Any CPU.ActiveCfg = Release|Any CPU
		{F810C8A1-4BAC-4D44-AE9C-C95BAA8FA39A}.Release|Any CPU.Build.0 = Release|Any CPU
	EndGlobalSection
	GlobalSection(SolutionProperties) = preSolution
		HideSolutionNode = FALSE
	EndGlobalSection
	GlobalSection(ExtensibilityGlobals) = postSolution
		SolutionGuid = {599A07A2-52E6-4DE4-8493-07FEB32A5915}
	EndGlobalSection
EndGlobal
